
Microsoft Visual Studio Solution File, Format Version 12.00
# Visual Studio Version 17
VisualStudioVersion = 17.1.32319.34
MinimumVisualStudioVersion = 10.0.40219.1
Project("{FAE04EC0-301F-11D3-BF4B-00C04F79EFBC}") = "UDS_Project", "UDS_Project.csproj", "{4DDDBB18-1715-4119-B424-50A3614BEDCE}"
EndProject
Global
	GlobalSection(SolutionConfigurationPlatforms) = preSolution
		Debug|Any CPU = Debug|Any CPU
		Release|Any CPU = Release|Any CPU
	EndGlobalSection
	GlobalSection(ProjectConfigurationPlatforms) = postSolution
		{4DDDBB18-1715-4119-B424-50A3614BEDCE}.Debug|Any CPU.ActiveCfg = Debug|Any CPU
		{4DDDBB18-1715-4119-B424-50A3614BEDCE}.Debug|Any CPU.Build.0 = Debug|Any CPU
		{4DDDBB18-1715-4119-B424-50A3614BEDCE}.Release|Any CPU.ActiveCfg = Release|Any CPU
		{4DDDBB18-1715-4119-B424-50A3614BEDCE}.Release|Any CPU.Build.0 = Release|Any CPU
	EndGlobalSection
	GlobalSection(SolutionProperties) = preSolution
		HideSolutionNode = FALSE
	EndGlobalSection
	GlobalSection(ExtensibilityGlobals) = postSolution
		SolutionGuid = {AB6C9B1A-A21B-44EE-BFCF-5C9BC96ABA65}
	EndGlobalSection
EndGlobal
